
Microsoft Visual Studio Solution File, Format Version 12.00
# Visual Studio 15
VisualStudioVersion = 15.0.28307.421
MinimumVisualStudioVersion = 10.0.40219.1
Project("{FAE04EC0-301F-11D3-BF4B-00C04F79EFBC}") = "ExcelMerge", "ExcelMerge\ExcelMerge.csproj", "{E374AC94-1ED5-4270-88FB-2B4BE427116A}"
EndProject
Project("{54435603-DBB4-11D2-8724-00A0C9A8B90C}") = "ExcelMergeSetup", "ExcelMergeSetup\ExcelMergeSetup.vdproj", "{7DB81086-E45F-4334-A2A6-8494B96837A6}"
EndProject
Global
	GlobalSection(SolutionConfigurationPlatforms) = preSolution
		Debug|Any CPU = Debug|Any CPU
		Release|Any CPU = Release|Any CPU
	EndGlobalSection
	GlobalSection(ProjectConfigurationPlatforms) = postSolution
		{E374AC94-1ED5-4270-88FB-2B4BE427116A}.Debug|Any CPU.ActiveCfg = Debug|Any CPU
		{E374AC94-1ED5-4270-88FB-2B4BE427116A}.Debug|Any CPU.Build.0 = Debug|Any CPU
		{E374AC94-1ED5-4270-88FB-2B4BE427116A}.Release|Any CPU.ActiveCfg = Release|Any CPU
		{E374AC94-1ED5-4270-88FB-2B4BE427116A}.Release|Any CPU.Build.0 = Release|Any CPU
		{7DB81086-E45F-4334-A2A6-8494B96837A6}.Debug|Any CPU.ActiveCfg = Debug
		{7DB81086-E45F-4334-A2A6-8494B96837A6}.Release|Any CPU.ActiveCfg = Release
	EndGlobalSection
	GlobalSection(SolutionProperties) = preSolution
		HideSolutionNode = FALSE
	EndGlobalSection
	GlobalSection(ExtensibilityGlobals) = postSolution
		SolutionGuid = {E6C8A541-C5C6-4273-8937-2EFA06D7C405}
	EndGlobalSection
EndGlobal
