
Microsoft Visual Studio Solution File, Format Version 12.00
# Visual Studio Version 17
VisualStudioVersion = 17.3.32929.385
MinimumVisualStudioVersion = 10.0.40219.1
Project("{FAE04EC0-301F-11D3-BF4B-00C04F79EFBC}") = "ExcelMerge", "ExcelMerge\ExcelMerge.csproj", "{E374AC94-1ED5-4270-88FB-2B4BE427116A}"
EndProject
Global
	GlobalSection(SolutionConfigurationPlatforms) = preSolution
		Debug|Any CPU = Debug|Any CPU
		Release|Any CPU = Release|Any CPU
	EndGlobalSection
	GlobalSection(ProjectConfigurationPlatforms) = postSolution
		{E374AC94-1ED5-4270-88FB-2B4BE427116A}.Debug|Any CPU.ActiveCfg = Debug|Any CPU
		{E374AC94-1ED5-4270-88FB-2B4BE427116A}.Debug|Any CPU.Build.0 = Debug|Any CPU
		{E374AC94-1ED5-4270-88FB-2B4BE427116A}.Release|Any CPU.ActiveCfg = Release|Any CPU
		{E374AC94-1ED5-4270-88FB-2B4BE427116A}.Release|Any CPU.Build.0 = Release|Any CPU
	EndGlobalSection
	GlobalSection(SolutionProperties) = preSolution
		HideSolutionNode = FALSE
	EndGlobalSection
	GlobalSection(ExtensibilityGlobals) = postSolution
		SolutionGuid = {E6C8A541-C5C6-4273-8937-2EFA06D7C405}
	EndGlobalSection
EndGlobal
